
Microsoft Visual Studio Solution File, Format Version 12.00
# Visual Studio Version 17
VisualStudioVersion = 17.7.34202.233
MinimumVisualStudioVersion = 10.0.40219.1
Project("{FAE04EC0-301F-11D3-BF4B-00C04F79EFBC}") = "EuroInformation2023", "ConsoleApp10\EuroInformation2023.csproj", "{A3DF3481-5D09-4B37-BC04-59952CD60DB4}"
EndProject
Global
	GlobalSection(SolutionConfigurationPlatforms) = preSolution
		Debug|Any CPU = Debug|Any CPU
		Release|Any CPU = Release|Any CPU
	EndGlobalSection
	GlobalSection(ProjectConfigurationPlatforms) = postSolution
		{A3DF3481-5D09-4B37-BC04-59952CD60DB4}.Debug|Any CPU.ActiveCfg = Debug|Any CPU
		{A3DF3481-5D09-4B37-BC04-59952CD60DB4}.Debug|Any CPU.Build.0 = Debug|Any CPU
		{A3DF3481-5D09-4B37-BC04-59952CD60DB4}.Release|Any CPU.ActiveCfg = Release|Any CPU
		{A3DF3481-5D09-4B37-BC04-59952CD60DB4}.Release|Any CPU.Build.0 = Release|Any CPU
	EndGlobalSection
	GlobalSection(SolutionProperties) = preSolution
		HideSolutionNode = FALSE
	EndGlobalSection
	GlobalSection(ExtensibilityGlobals) = postSolution
		SolutionGuid = {96F62B15-AB2E-411D-94DC-1A02216FFAF1}
	EndGlobalSection
EndGlobal
